
Microsoft Visual Studio Solution File, Format Version 12.00
# Visual Studio 15
VisualStudioVersion = 15.0.27428.2037
MinimumVisualStudioVersion = 10.0.40219.1
Project("{8BC9CEB8-8B4A-11D0-8D11-00A0C91BC942}") = "Assignment4", "Assignment4.vcxproj", "{77980900-BE1D-4164-9A78-6C425831AD0E}"
EndProject
Global
	GlobalSection(SolutionConfigurationPlatforms) = preSolution
		Debug|x64 = Debug|x64
		Debug|x86 = Debug|x86
		Release|x64 = Release|x64
		Release|x86 = Release|x86
	EndGlobalSection
	GlobalSection(ProjectConfigurationPlatforms) = postSolution
		{77980900-BE1D-4164-9A78-6C425831AD0E}.Debug|x64.ActiveCfg = Debug|x64
		{77980900-BE1D-4164-9A78-6C425831AD0E}.Debug|x64.Build.0 = Debug|x64
		{77980900-BE1D-4164-9A78-6C425831AD0E}.Debug|x86.ActiveCfg = Debug|Win32
		{77980900-BE1D-4164-9A78-6C425831AD0E}.Debug|x86.Build.0 = Debug|Win32
		{77980900-BE1D-4164-9A78-6C425831AD0E}.Release|x64.ActiveCfg = Release|x64
		{77980900-BE1D-4164-9A78-6C425831AD0E}.Release|x64.Build.0 = Release|x64
		{77980900-BE1D-4164-9A78-6C425831AD0E}.Release|x86.ActiveCfg = Release|Win32
		{77980900-BE1D-4164-9A78-6C425831AD0E}.Release|x86.Build.0 = Release|Win32
	EndGlobalSection
	GlobalSection(SolutionProperties) = preSolution
		HideSolutionNode = FALSE
	EndGlobalSection
	GlobalSection(ExtensibilityGlobals) = postSolution
		SolutionGuid = {1402C4C6-F7BD-4D44-ACC3-8158C23BBA6F}
	EndGlobalSection
EndGlobal
